# This file was autogenerated by uv via the following command:
#    uv pip compile dev-requirements.in -o dev-requirements.lock --python-version 3.12
alabaster==1.0.0
    # via sphinx
babel==2.18.0
    # via sphinx
build==1.5.0
    # via -r dev-requirements.in
certifi==2026.7.22
    # via requests
cffi==2.1.1
    # via cryptography
cfgv==3.5.0
    # via pre-commit
charset-normalizer==3.5.1
    # via requests
codespell==2.4.3
    # via -r dev-requirements.in
coverage==7.15.4
    # via pytest-cov
cryptography==50.0.0
    # via secretstorage
distlib==0.4.3
    # via virtualenv
docutils==0.22.4
    # via
    #   readme-renderer
    #   sphinx
    #   sphinx-rtd-theme
execnet==2.1.2
    # via pytest-xdist
filelock==3.32.4
    # via
    #   python-discovery
    #   virtualenv
id==1.6.1
    # via twine
identify==2.6.19
    # via pre-commit
idna==3.19
    # via requests
imagesize==2.0.0
    # via sphinx
iniconfig==2.3.0
    # via pytest
jaraco-classes==3.4.0
    # via keyring
jaraco-context==6.1.2
    # via keyring
jaraco-functools==4.6.0
    # via keyring
jeepney==0.9.0
    # via
    #   keyring
    #   secretstorage
jinja2==3.1.6
    # via sphinx
keyring==25.7.0
    # via twine
lxml==6.1.2
    # via sphinxcontrib-email
markdown-it-py==4.2.0
    # via rich
markupsafe==3.0.3
    # via jinja2
mdurl==0.1.2
    # via markdown-it-py
more-itertools==11.1.0
    # via
    #   jaraco-classes
    #   jaraco-functools
nh3==0.3.7
    # via readme-renderer
nodeenv==1.10.0
    # via pre-commit
packaging==26.3
    # via
    #   build
    #   pytest
    #   sphinx
    #   twine
platformdirs==4.11.3
    # via virtualenv
pluggy==1.6.0
    # via
    #   pytest
    #   pytest-cov
pre-commit==4.6.2
    # via -r dev-requirements.in
pycparser==3.0
    # via cffi
pyfakefs==6.2.0
    # via -r dev-requirements.in
pygments==2.21.0
    # via
    #   pytest
    #   readme-renderer
    #   rich
    #   sphinx
pyproject-hooks==1.2.0
    # via build
pytest==9.1.1
    # via
    #   -r dev-requirements.in
    #   pytest-cov
    #   pytest-mock
    #   pytest-xdist
pytest-cov==7.1.0
    # via -r dev-requirements.in
pytest-mock==3.15.1
    # via -r dev-requirements.in
pytest-xdist==3.8.0
    # via -r dev-requirements.in
python-discovery==1.5.2
    # via virtualenv
pyyaml==6.0.3
    # via pre-commit
readme-renderer==45.0
    # via twine
requests==2.34.2
    # via
    #   requests-toolbelt
    #   sphinx
    #   sphinxcontrib-youtube
    #   twine
requests-toolbelt==1.0.0
    # via twine
rfc3986==2.0.0
    # via twine
rich==15.0.0
    # via twine
roman-numerals==4.1.0
    # via sphinx
ruff==0.16.4
    # via -r dev-requirements.in
secretstorage==3.5.0
    # via keyring
snowballstemmer==3.1.1
    # via sphinx
sphinx==9.1.0
    # via
    #   -r dev-requirements.in
    #   sphinx-autodoc-typehints
    #   sphinx-rtd-theme
    #   sphinxcontrib-email
    #   sphinxcontrib-jquery
    #   sphinxcontrib-youtube
sphinx-autodoc-typehints==3.13.2
    # via -r dev-requirements.in
sphinx-rtd-theme==3.1.0
    # via -r dev-requirements.in
sphinxcontrib-applehelp==2.0.0
    # via sphinx
sphinxcontrib-devhelp==2.0.0
    # via sphinx
sphinxcontrib-email==0.3.6
    # via -r dev-requirements.in
sphinxcontrib-htmlhelp==2.1.0
    # via sphinx
sphinxcontrib-jquery==4.1
    # via sphinx-rtd-theme
sphinxcontrib-jsmath==1.0.1
    # via sphinx
sphinxcontrib-qthelp==2.0.0
    # via sphinx
sphinxcontrib-serializinghtml==2.0.0
    # via sphinx
sphinxcontrib-youtube==1.5.0
    # via -r dev-requirements.in
twine==7.0.0
    # via -r dev-requirements.in
urllib3==2.7.0
    # via
    #   id
    #   requests
    #   twine
virtualenv==21.7.4
    # via pre-commit
